// !$*UTF8*$!
{
	archiveVersion = 1;
	classes = {
	};
	objectVersion = 50;
	objects = {

/* Begin PBXBuildFile section */
		A0C481E125C9D27E0092B950 /* musicApp.swift in Sources */ = {isa = PBXBuildFile; fileRef = A0C481CE25C9D27D0092B950 /* musicApp.swift */; };
		A0C481E225C9D27E0092B950 /* musicApp.swift in Sources */ = {isa = PBXBuildFile; fileRef = A0C481CE25C9D27D0092B950 /* musicApp.swift */; };
		A0C481E325C9D27E0092B950 /* ContentView.swift in Sources */ = {isa = PBXBuildFile; fileRef = A0C481CF25C9D27D0092B950 /* ContentView.swift */; };
		A0C481E425C9D27E0092B950 /* ContentView.swift in Sources */ = {isa = PBXBuildFile; fileRef = A0C481CF25C9D27D0092B950 /* ContentView.swift */; };
		A0C481E525C9D27E0092B950 /* Assets.xcassets in Resources */ = {isa = PBXBuildFile; fileRef = A0C481D025C9D27E0092B950 /* Assets.xcassets */; };
		A0C481E625C9D27E0092B950 /* Assets.xcassets in Resources */ = {isa = PBXBuildFile; fileRef = A0C481D025C9D27E0092B950 /* Assets.xcassets */; };
/* End PBXBuildFile section */

/* Begin PBXFileReference section */
		A0C481CE25C9D27D0092B950 /* musicApp.swift */ = {isa = PBXFileReference; lastKnownFileType = sourcecode.swift; path = musicApp.swift; sourceTree = "<group>"; };
		A0C481CF25C9D27D0092B950 /* ContentView.swift */ = {isa = PBXFileReference; lastKnownFileType = sourcecode.swift; path = ContentView.swift; sourceTree = "<group>"; };
		A0C481D025C9D27E0092B950 /* Assets.xcassets */ = {isa = PBXFileReference; lastKnownFileType = folder.assetcatalog; path = Assets.xcassets; sourceTree = "<group>"; };
		A0C481D525C9D27E0092B950 /* music.app */ = {isa = PBXFileReference; explicitFileType = wrapper.application; includeInIndex = 0; path = music.app; sourceTree = BUILT_PRODUCTS_DIR; };
		A0C481D825C9D27E0092B950 /* Info.plist */ = {isa = PBXFileReference; lastKnownFileType = text.plist.xml; path = Info.plist; sourceTree = "<group>"; };
		A0C481DD25C9D27E0092B950 /* music.app */ = {isa = PBXFileReference; explicitFileType = wrapper.application; includeInIndex = 0; path = music.app; sourceTree = BUILT_PRODUCTS_DIR; };
		A0C481DF25C9D27E0092B950 /* Info.plist */ = {isa = PBXFileReference; lastKnownFileType = text.plist.xml; path = Info.plist; sourceTree = "<group>"; };
		A0C481E025C9D27E0092B950 /* macOS.entitlements */ = {isa = PBXFileReference; lastKnownFileType = text.plist.entitlements; path = macOS.entitlements; sourceTree = "<group>"; };
		A0DC175625CC827B00023C34 /* Attack on Titan – Opening Theme – Feuerroter Pfeil und Bogen.m4a */ = {isa = PBXFileReference; lastKnownFileType = file; name = "Attack on Titan – Opening Theme – Feuerroter Pfeil und Bogen.m4a"; path = "../../../Downloads/Attack on Titan – Opening Theme – Feuerroter Pfeil und Bogen.m4a"; sourceTree = "<group>"; };
		A0DC175725CC839D00023C34 /* Five Nights at Freddy's.m4a */ = {isa = PBXFileReference; lastKnownFileType = file; name = "Five Nights at Freddy's.m4a"; path = "../../../Downloads/Five Nights at Freddy's.m4a"; sourceTree = "<group>"; };
/* End PBXFileReference section */

/* Begin PBXFrameworksBuildPhase section */
		A0C481D225C9D27E0092B950 /* Frameworks */ = {
			isa = PBXFrameworksBuildPhase;
			buildActionMask = 2147483647;
			files = (
			);
			runOnlyForDeploymentPostprocessing = 0;
		};
		A0C481DA25C9D27E0092B950 /* Frameworks */ = {
			isa = PBXFrameworksBuildPhase;
			buildActionMask = 2147483647;
			files = (
			);
			runOnlyForDeploymentPostprocessing = 0;
		};
/* End PBXFrameworksBuildPhase section */

/* Begin PBXGroup section */
		A0C481C825C9D27D0092B950 = {
			isa = PBXGroup;
			children = (
				A0C481CD25C9D27D0092B950 /* Shared */,
				A0C481D725C9D27E0092B950 /* iOS */,
				A0C481DE25C9D27E0092B950 /* macOS */,
				A0C481D625C9D27E0092B950 /* Products */,
			);
			sourceTree = "<group>";
		};
		A0C481CD25C9D27D0092B950 /* Shared */ = {
			isa = PBXGroup;
			children = (
				A0C481CE25C9D27D0092B950 /* musicApp.swift */,
				A0C481CF25C9D27D0092B950 /* ContentView.swift */,
				A0DC175725CC839D00023C34 /* Five Nights at Freddy's.m4a */,
				A0DC175625CC827B00023C34 /* Attack on Titan – Opening Theme – Feuerroter Pfeil und Bogen.m4a */,
				A0C481D025C9D27E0092B950 /* Assets.xcassets */,
			);
			path = Shared;
			sourceTree = "<group>";
		};
		A0C481D625C9D27E0092B950 /* Products */ = {
			isa = PBXGroup;
			children = (
				A0C481D525C9D27E0092B950 /* music.app */,
				A0C481DD25C9D27E0092B950 /* music.app */,
			);
			name = Products;
			sourceTree = "<group>";
		};
		A0C481D725C9D27E0092B950 /* iOS */ = {
			isa = PBXGroup;
			children = (
				A0C481D825C9D27E0092B950 /* Info.plist */,
			);
			path = iOS;
			sourceTree = "<group>";
		};
		A0C481DE25C9D27E0092B950 /* macOS */ = {
			isa = PBXGroup;
			children = (
				A0C481DF25C9D27E0092B950 /* Info.plist */,
				A0C481E025C9D27E0092B950 /* macOS.entitlements */,
			);
			path = macOS;
			sourceTree = "<group>";
		};
/* End PBXGroup section */

/* Begin PBXNativeTarget section */
		A0C481D425C9D27E0092B950 /* music (iOS) */ = {
			isa = PBXNativeTarget;
			buildConfigurationList = A0C481E925C9D27E0092B950 /* Build configuration list for PBXNativeTarget "music (iOS)" */;
			buildPhases = (
				A0C481D125C9D27E0092B950 /* Sources */,
				A0C481D225C9D27E0092B950 /* Frameworks */,
				A0C481D325C9D27E0092B950 /* Resources */,
			);
			buildRules = (
			);
			dependencies = (
			);
			name = "music (iOS)";
			productName = "music (iOS)";
			productReference = A0C481D525C9D27E0092B950 /* music.app */;
			productType = "com.apple.product-type.application";
		};
		A0C481DC25C9D27E0092B950 /* music (macOS) */ = {
			isa = PBXNativeTarget;
			buildConfigurationList = A0C481EC25C9D27E0092B950 /* Build configuration list for PBXNativeTarget "music (macOS)" */;
			buildPhases = (
				A0C481D925C9D27E0092B950 /* Sources */,
				A0C481DA25C9D27E0092B950 /* Frameworks */,
				A0C481DB25C9D27E0092B950 /* Resources */,
			);
			buildRules = (
			);
			dependencies = (
			);
			name = "music (macOS)";
			productName = "music (macOS)";
			productReference = A0C481DD25C9D27E0092B950 /* music.app */;
			productType = "com.apple.product-type.application";
		};
/* End PBXNativeTarget section */

/* Begin PBXProject section */
		A0C481C925C9D27D0092B950 /* Project object */ = {
			isa = PBXProject;
			attributes = {
				LastSwiftUpdateCheck = 1240;
				LastUpgradeCheck = 1240;
				TargetAttributes = {
					A0C481D425C9D27E0092B950 = {
						CreatedOnToolsVersion = 12.4;
					};
					A0C481DC25C9D27E0092B950 = {
						CreatedOnToolsVersion = 12.4;
					};
				};
			};
			buildConfigurationList = A0C481CC25C9D27D0092B950 /* Build configuration list for PBXProject "music" */;
			compatibilityVersion = "Xcode 9.3";
			developmentRegion = en;
			hasScannedForEncodings = 0;
			knownRegions = (
				en,
				Base,
			);
			mainGroup = A0C481C825C9D27D0092B950;
			productRefGroup = A0C481D625C9D27E0092B950 /* Products */;
			projectDirPath = "";
			projectRoot = "";
			targets = (
				A0C481D425C9D27E0092B950 /* music (iOS) */,
				A0C481DC25C9D27E0092B950 /* music (macOS) */,
			);
		};
/* End PBXProject section */

/* Begin PBXResourcesBuildPhase section */
		A0C481D325C9D27E0092B950 /* Resources */ = {
			isa = PBXResourcesBuildPhase;
			buildActionMask = 2147483647;
			files = (
				A0C481E525C9D27E0092B950 /* Assets.xcassets in Resources */,
			);
			runOnlyForDeploymentPostprocessing = 0;
		};
		A0C481DB25C9D27E0092B950 /* Resources */ = {
			isa = PBXResourcesBuildPhase;
			buildActionMask = 2147483647;
			files = (
				A0C481E625C9D27E0092B950 /* Assets.xcassets in Resources */,
			);
			runOnlyForDeploymentPostprocessing = 0;
		};
/* End PBXResourcesBuildPhase section */

/* Begin PBXSourcesBuildPhase section */
		A0C481D125C9D27E0092B950 /* Sources */ = {
			isa = PBXSourcesBuildPhase;
			buildActionMask = 2147483647;
			files = (
				A0C481E325C9D27E0092B950 /* ContentView.swift in Sources */,
				A0C481E125C9D27E0092B950 /* musicApp.swift in Sources */,
			);
			runOnlyForDeploymentPostprocessing = 0;
		};
		A0C481D925C9D27E0092B950 /* Sources */ = {
			isa = PBXSourcesBuildPhase;
			buildActionMask = 2147483647;
			files = (
				A0C481E425C9D27E0092B950 /* ContentView.swift in Sources */,
				A0C481E225C9D27E0092B950 /* musicApp.swift in Sources */,
			);
			runOnlyForDeploymentPostprocessing = 0;
		};
/* End PBXSourcesBuildPhase section */

/* Begin XCBuildConfiguration section */
		A0C481E725C9D27E0092B950 /* Debug */ = {
			isa = XCBuildConfiguration;
			buildSettings = {
				ALWAYS_SEARCH_USER_PATHS = NO;
				CLANG_ANALYZER_NONNULL = YES;
				CLANG_ANALYZER_NUMBER_OBJECT_CONVERSION = YES_AGGRESSIVE;
				CLANG_CXX_LANGUAGE_STANDARD = "gnu++14";
				CLANG_CXX_LIBRARY = "libc++";
				CLANG_ENABLE_MODULES = YES;
				CLANG_ENABLE_OBJC_ARC = YES;
				CLANG_ENABLE_OBJC_WEAK = YES;
				CLANG_WARN_BLOCK_CAPTURE_AUTORELEASING = YES;
				CLANG_WARN_BOOL_CONVERSION = YES;
				CLANG_WARN_COMMA = YES;
				CLANG_WARN_CONSTANT_CONVERSION = YES;
				CLANG_WARN_DEPRECATED_OBJC_IMPLEMENTATIONS = YES;
				CLANG_WARN_DIRECT_OBJC_ISA_USAGE = YES_ERROR;
				CLANG_WARN_DOCUMENTATION_COMMENTS = YES;
				CLANG_WARN_EMPTY_BODY = YES;
				CLANG_WARN_ENUM_CONVERSION = YES;
				CLANG_WARN_INFINITE_RECURSION = YES;
				CLANG_WARN_INT_CONVERSION = YES;
				CLANG_WARN_NON_LITERAL_NULL_CONVERSION = YES;
				CLANG_WARN_OBJC_IMPLICIT_RETAIN_SELF = YES;
				CLANG_WARN_OBJC_LITERAL_CONVERSION = YES;
				CLANG_WARN_OBJC_ROOT_CLASS = YES_ERROR;
				CLANG_WARN_QUOTED_INCLUDE_IN_FRAMEWORK_HEADER = YES;
				CLANG_WARN_RANGE_LOOP_ANALYSIS = YES;
				CLANG_WARN_STRICT_PROTOTYPES = YES;
				CLANG_WARN_SUSPICIOUS_MOVE = YES;
				CLANG_WARN_UNGUARDED_AVAILABILITY = YES_AGGRESSIVE;
				CLANG_WARN_UNREACHABLE_CODE = YES;
				CLANG_WARN__DUPLICATE_METHOD_MATCH = YES;
				COPY_PHASE_STRIP = NO;
				DEBUG_INFORMATION_FORMAT = dwarf;
				ENABLE_STRICT_OBJC_MSGSEND = YES;
				ENABLE_TESTABILITY = YES;
				GCC_C_LANGUAGE_STANDARD = gnu11;
				GCC_DYNAMIC_NO_PIC = NO;
				GCC_NO_COMMON_BLOCKS = YES;
				GCC_OPTIMIZATION_LEVEL = 0;
				GCC_PREPROCESSOR_DEFINITIONS = (
					"DEBUG=1",
					"$(inherited)",
				);
				GCC_WARN_64_TO_32_BIT_CONVERSION = YES;
				GCC_WARN_ABOUT_RETURN_TYPE = YES_ERROR;
				GCC_WARN_UNDECLARED_SELECTOR = YES;
				GCC_WARN_UNINITIALIZED_AUTOS = YES_AGGRESSIVE;
				GCC_WARN_UNUSED_FUNCTION = YES;
				GCC_WARN_UNUSED_VARIABLE = YES;
				MTL_ENABLE_DEBUG_INFO = INCLUDE_SOURCE;
				MTL_FAST_MATH = YES;
				ONLY_ACTIVE_ARCH = YES;
				SWIFT_ACTIVE_COMPILATION_CONDITIONS = DEBUG;
				SWIFT_OPTIMIZATION_LEVEL = "-Onone";
			};
			name = Debug;
		};
		A0C481E825C9D27E0092B950 /* Release */ = {
			isa = XCBuildConfiguration;
			buildSettings = {
				ALWAYS_SEARCH_USER_PATHS = NO;
				CLANG_ANALYZER_NONNULL = YES;
				CLANG_ANALYZER_NUMBER_OBJECT_CONVERSION = YES_AGGRESSIVE;
				CLANG_CXX_LANGUAGE_STANDARD = "gnu++14";
				CLANG_CXX_LIBRARY = "libc++";
				CLANG_ENABLE_MODULES = YES;
				CLANG_ENABLE_OBJC_ARC = YES;
				CLANG_ENABLE_OBJC_WEAK = YES;
				CLANG_WARN_BLOCK_CAPTURE_AUTORELEASING = YES;
				CLANG_WARN_BOOL_CONVERSION = YES;
				CLANG_WARN_COMMA = YES;
				CLANG_WARN_CONSTANT_CONVERSION = YES;
				CLANG_WARN_DEPRECATED_OBJC_IMPLEMENTATIONS = YES;
				CLANG_WARN_DIRECT_OBJC_ISA_USAGE = YES_ERROR;
				CLANG_WARN_DOCUMENTATION_COMMENTS = YES;
				CLANG_WARN_EMPTY_BODY = YES;
				CLANG_WARN_ENUM_CONVERSION = YES;
				CLANG_WARN_INFINITE_RECURSION = YES;
				CLANG_WARN_INT_CONVERSION = YES;
				CLANG_WARN_NON_LITERAL_NULL_CONVERSION = YES;
				CLANG_WARN_OBJC_IMPLICIT_RETAIN_SELF = YES;
				CLANG_WARN_OBJC_LITERAL_CONVERSION = YES;
				CLANG_WARN_OBJC_ROOT_CLASS = YES_ERROR;
				CLANG_WARN_QUOTED_INCLUDE_IN_FRAMEWORK_HEADER = YES;
				CLANG_WARN_RANGE_LOOP_ANALYSIS = YES;
				CLANG_WARN_STRICT_PROTOTYPES = YES;
				CLANG_WARN_SUSPICIOUS_MOVE = YES;
				CLANG_WARN_UNGUARDED_AVAILABILITY = YES_AGGRESSIVE;
				CLANG_WARN_UNREACHABLE_CODE = YES;
				CLANG_WARN__DUPLICATE_METHOD_MATCH = YES;
				COPY_PHASE_STRIP = NO;
				DEBUG_INFORMATION_FORMAT = "dwarf-with-dsym";
				ENABLE_NS_ASSERTIONS = NO;
				ENABLE_STRICT_OBJC_MSGSEND = YES;
				GCC_C_LANGUAGE_STANDARD = gnu11;
				GCC_NO_COMMON_BLOCKS = YES;
				GCC_WARN_64_TO_32_BIT_CONVERSION = YES;
				GCC_WARN_ABOUT_RETURN_TYPE = YES_ERROR;
				GCC_WARN_UNDECLARED_SELECTOR = YES;
				GCC_WARN_UNINITIALIZED_AUTOS = YES_AGGRESSIVE;
				GCC_WARN_UNUSED_FUNCTION = YES;
				GCC_WARN_UNUSED_VARIABLE = YES;
				MTL_ENABLE_DEBUG_INFO = NO;
				MTL_FAST_MATH = YES;
				SWIFT_COMPILATION_MODE = wholemodule;
				SWIFT_OPTIMIZATION_LEVEL = "-O";
			};
			name = Release;
		};
		A0C481EA25C9D27E0092B950 /* Debug */ = {
			isa = XCBuildConfiguration;
			buildSettings = {
				ASSETCATALOG_COMPILER_APPICON_NAME = AppIcon;
				ASSETCATALOG_COMPILER_GLOBAL_ACCENT_COLOR_NAME = AccentColor;
				CODE_SIGN_STYLE = Automatic;
				DEVELOPMENT_TEAM = ZCB3D659UZ;
				ENABLE_PREVIEWS = YES;
				INFOPLIST_FILE = iOS/Info.plist;
				IPHONEOS_DEPLOYMENT_TARGET = 14.0;
				LD_RUNPATH_SEARCH_PATHS = (
					"$(inherited)",
					"@executable_path/Frameworks",
				);
				PRODUCT_BUNDLE_IDENTIFIER = basic.music;
				PRODUCT_NAME = music;
				SDKROOT = iphoneos;
				SWIFT_VERSION = 5.0;
				TARGETED_DEVICE_FAMILY = "1,2";
			};
			name = Debug;
		};
		A0C481EB25C9D27E0092B950 /* Release */ = {
			isa = XCBuildConfiguration;
			buildSettings = {
				ASSETCATALOG_COMPILER_APPICON_NAME = AppIcon;
				ASSETCATALOG_COMPILER_GLOBAL_ACCENT_COLOR_NAME = AccentColor;
				CODE_SIGN_STYLE = Automatic;
				DEVELOPMENT_TEAM = ZCB3D659UZ;
				ENABLE_PREVIEWS = YES;
				INFOPLIST_FILE = iOS/Info.plist;
				IPHONEOS_DEPLOYMENT_TARGET = 14.0;
				LD_RUNPATH_SEARCH_PATHS = (
					"$(inherited)",
					"@executable_path/Frameworks",
				);
				PRODUCT_BUNDLE_IDENTIFIER = basic.music;
				PRODUCT_NAME = music;
				SDKROOT = iphoneos;
				SWIFT_VERSION = 5.0;
				TARGETED_DEVICE_FAMILY = "1,2";
				VALIDATE_PRODUCT = YES;
			};
			name = Release;
		};
		A0C481ED25C9D27E0092B950 /* Debug */ = {
			isa = XCBuildConfiguration;
			buildSettings = {
				ASSETCATALOG_COMPILER_APPICON_NAME = AppIcon;
				ASSETCATALOG_COMPILER_GLOBAL_ACCENT_COLOR_NAME = AccentColor;
				CODE_SIGN_ENTITLEMENTS = macOS/macOS.entitlements;
				CODE_SIGN_STYLE = Automatic;
				COMBINE_HIDPI_IMAGES = YES;
				DEVELOPMENT_TEAM = ZCB3D659UZ;
				ENABLE_HARDENED_RUNTIME = YES;
				ENABLE_PREVIEWS = YES;
				INFOPLIST_FILE = macOS/Info.plist;
				LD_RUNPATH_SEARCH_PATHS = (
					"$(inherited)",
					"@executable_path/../Frameworks",
				);
				MACOSX_DEPLOYMENT_TARGET = 11.0;
				PRODUCT_BUNDLE_IDENTIFIER = basic.music;
				PRODUCT_NAME = music;
				SDKROOT = macosx;
				SWIFT_VERSION = 5.0;
			};
			name = Debug;
		};
		A0C481EE25C9D27E0092B950 /* Release */ = {
			isa = XCBuildConfiguration;
			buildSettings = {
				ASSETCATALOG_COMPILER_APPICON_NAME = AppIcon;
				ASSETCATALOG_COMPILER_GLOBAL_ACCENT_COLOR_NAME = AccentColor;
				CODE_SIGN_ENTITLEMENTS = macOS/macOS.entitlements;
				CODE_SIGN_STYLE = Automatic;
				COMBINE_HIDPI_IMAGES = YES;
				DEVELOPMENT_TEAM = ZCB3D659UZ;
				ENABLE_HARDENED_RUNTIME = YES;
				ENABLE_PREVIEWS = YES;
				INFOPLIST_FILE = macOS/Info.plist;
				LD_RUNPATH_SEARCH_PATHS = (
					"$(inherited)",
					"@executable_path/../Frameworks",
				);
				MACOSX_DEPLOYMENT_TARGET = 11.0;
				PRODUCT_BUNDLE_IDENTIFIER = basic.music;
				PRODUCT_NAME = music;
				SDKROOT = macosx;
				SWIFT_VERSION = 5.0;
			};
			name = Release;
		};
/* End XCBuildConfiguration section */

/* Begin XCConfigurationList section */
		A0C481CC25C9D27D0092B950 /* Build configuration list for PBXProject "music" */ = {
			isa = XCConfigurationList;
			buildConfigurations = (
				A0C481E725C9D27E0092B950 /* Debug */,
				A0C481E825C9D27E0092B950 /* Release */,
			);
			defaultConfigurationIsVisible = 0;
			defaultConfigurationName = Release;
		};
		A0C481E925C9D27E0092B950 /* Build configuration list for PBXNativeTarget "music (iOS)" */ = {
			isa = XCConfigurationList;
			buildConfigurations = (
				A0C481EA25C9D27E0092B950 /* Debug */,
				A0C481EB25C9D27E0092B950 /* Release */,
			);
			defaultConfigurationIsVisible = 0;
			defaultConfigurationName = Release;
		};
		A0C481EC25C9D27E0092B950 /* Build configuration list for PBXNativeTarget "music (macOS)" */ = {
			isa = XCConfigurationList;
			buildConfigurations = (
				A0C481ED25C9D27E0092B950 /* Debug */,
				A0C481EE25C9D27E0092B950 /* Release */,
			);
			defaultConfigurationIsVisible = 0;
			defaultConfigurationName = Release;
		};
/* End XCConfigurationList section */
	};
	rootObject = A0C481C925C9D27D0092B950 /* Project object */;
}
